
Microsoft Visual Studio Solution File, Format Version 12.00
# Visual Studio Version 16
VisualStudioVersion = 16.0.29613.14
MinimumVisualStudioVersion = 15.0.26124.0
Project("{2150E333-8FDC-42A3-9474-1A3956D46DE8}") = "test", "test", "{218CEC62-D988-4D09-B532-C24E626088BD}"
EndProject
Project("{2150E333-8FDC-42A3-9474-1A3956D46DE8}") = "src", "src", "{8E726CEF-47DE-4924-AD49-04177CC8965E}"
EndProject
Project("{2150E333-8FDC-42A3-9474-1A3956D46DE8}") = "simples", "simples", "{9E8CE9A8-7C54-400C-BA3A-4E24243E1617}"
EndProject
Project("{9A19103F-16F7-4668-BE54-9A1E7A4F7556}") = "Vx", "src\Vx\Vx.csproj", "{37368448-7AAB-4138-ADE4-9C7F5A113BE7}"
EndProject
Project("{9A19103F-16F7-4668-BE54-9A1E7A4F7556}") = "Vx.AutoMapper", "src\Vx.AutoMapper\Vx.AutoMapper.csproj", "{04269CFF-FE0A-4BFF-9CE8-B8D83A2684EA}"
EndProject
Project("{9A19103F-16F7-4668-BE54-9A1E7A4F7556}") = "Vx.EntityFrameworkCore.MySql", "src\Vx.EntityFrameworkCore.MySql\Vx.EntityFrameworkCore.MySql.csproj", "{2596BBCF-5D9E-4DBC-9250-A442B39935B6}"
EndProject
Project("{9A19103F-16F7-4668-BE54-9A1E7A4F7556}") = "Vx.EntityFrameworkCore", "src\Vx.EntityFrameworkCore\Vx.EntityFrameworkCore.csproj", "{F628C208-DA0C-4F51-AFCB-8D220FE2AACD}"
EndProject
Project("{9A19103F-16F7-4668-BE54-9A1E7A4F7556}") = "Vx.EntityFrameworkCore.SqlServer", "src\Vx.EntityFrameworkCore.SqlServer\Vx.EntityFrameworkCore.SqlServer.csproj", "{47B131DF-83F2-497C-9A78-71B9EBA46F5E}"
EndProject
Project("{9A19103F-16F7-4668-BE54-9A1E7A4F7556}") = "Vx.EntityFrameworkCore.PostgreSql", "src\Vx.EntityFrameworkCore.PostgreSql\Vx.EntityFrameworkCore.PostgreSql.csproj", "{1BF24C59-AB66-4801-9312-F5088A002697}"
EndProject
Project("{9A19103F-16F7-4668-BE54-9A1E7A4F7556}") = "Vx.Swagger", "src\Vx.Swagger\Vx.Swagger.csproj", "{4F599420-FE52-46FA-B9F0-8E43570F0C60}"
EndProject
Project("{9A19103F-16F7-4668-BE54-9A1E7A4F7556}") = "Vx.Redis", "src\Vx.Redis\Vx.Redis.csproj", "{E1FB1B79-D7EB-4AD1-A629-1F40891CED1C}"
EndProject
Project("{FAE04EC0-301F-11D3-BF4B-00C04F79EFBC}") = "Vx.Log4Net", "src\Vx.Log4Net\Vx.Log4Net.csproj", "{A67A67E6-9FC9-4D63-9C09-0AF3D849E5FE}"
EndProject
Project("{FAE04EC0-301F-11D3-BF4B-00C04F79EFBC}") = "Vx.Hangfire", "src\Vx.Hangfire\Vx.Hangfire.csproj", "{6251023C-05A8-4707-87BB-4FE49C0D4EAA}"
EndProject
Global
	GlobalSection(SolutionConfigurationPlatforms) = preSolution
		Debug|Any CPU = Debug|Any CPU
		Release|Any CPU = Release|Any CPU
	EndGlobalSection
	GlobalSection(ProjectConfigurationPlatforms) = postSolution
		{37368448-7AAB-4138-ADE4-9C7F5A113BE7}.Debug|Any CPU.ActiveCfg = Debug|Any CPU
		{37368448-7AAB-4138-ADE4-9C7F5A113BE7}.Debug|Any CPU.Build.0 = Debug|Any CPU
		{37368448-7AAB-4138-ADE4-9C7F5A113BE7}.Release|Any CPU.ActiveCfg = Release|Any CPU
		{37368448-7AAB-4138-ADE4-9C7F5A113BE7}.Release|Any CPU.Build.0 = Release|Any CPU
		{04269CFF-FE0A-4BFF-9CE8-B8D83A2684EA}.Debug|Any CPU.ActiveCfg = Debug|Any CPU
		{04269CFF-FE0A-4BFF-9CE8-B8D83A2684EA}.Debug|Any CPU.Build.0 = Debug|Any CPU
		{04269CFF-FE0A-4BFF-9CE8-B8D83A2684EA}.Release|Any CPU.ActiveCfg = Release|Any CPU
		{04269CFF-FE0A-4BFF-9CE8-B8D83A2684EA}.Release|Any CPU.Build.0 = Release|Any CPU
		{2596BBCF-5D9E-4DBC-9250-A442B39935B6}.Debug|Any CPU.ActiveCfg = Debug|Any CPU
		{2596BBCF-5D9E-4DBC-9250-A442B39935B6}.Debug|Any CPU.Build.0 = Debug|Any CPU
		{2596BBCF-5D9E-4DBC-9250-A442B39935B6}.Release|Any CPU.ActiveCfg = Release|Any CPU
		{2596BBCF-5D9E-4DBC-9250-A442B39935B6}.Release|Any CPU.Build.0 = Release|Any CPU
		{F628C208-DA0C-4F51-AFCB-8D220FE2AACD}.Debug|Any CPU.ActiveCfg = Debug|Any CPU
		{F628C208-DA0C-4F51-AFCB-8D220FE2AACD}.Debug|Any CPU.Build.0 = Debug|Any CPU
		{F628C208-DA0C-4F51-AFCB-8D220FE2AACD}.Release|Any CPU.ActiveCfg = Release|Any CPU
		{F628C208-DA0C-4F51-AFCB-8D220FE2AACD}.Release|Any CPU.Build.0 = Release|Any CPU
		{47B131DF-83F2-497C-9A78-71B9EBA46F5E}.Debug|Any CPU.ActiveCfg = Debug|Any CPU
		{47B131DF-83F2-497C-9A78-71B9EBA46F5E}.Debug|Any CPU.Build.0 = Debug|Any CPU
		{47B131DF-83F2-497C-9A78-71B9EBA46F5E}.Release|Any CPU.ActiveCfg = Release|Any CPU
		{47B131DF-83F2-497C-9A78-71B9EBA46F5E}.Release|Any CPU.Build.0 = Release|Any CPU
		{1BF24C59-AB66-4801-9312-F5088A002697}.Debug|Any CPU.ActiveCfg = Debug|Any CPU
		{1BF24C59-AB66-4801-9312-F5088A002697}.Debug|Any CPU.Build.0 = Debug|Any CPU
		{1BF24C59-AB66-4801-9312-F5088A002697}.Release|Any CPU.ActiveCfg = Release|Any CPU
		{1BF24C59-AB66-4801-9312-F5088A002697}.Release|Any CPU.Build.0 = Release|Any CPU
		{4F599420-FE52-46FA-B9F0-8E43570F0C60}.Debug|Any CPU.ActiveCfg = Debug|Any CPU
		{4F599420-FE52-46FA-B9F0-8E43570F0C60}.Debug|Any CPU.Build.0 = Debug|Any CPU
		{4F599420-FE52-46FA-B9F0-8E43570F0C60}.Release|Any CPU.ActiveCfg = Release|Any CPU
		{4F599420-FE52-46FA-B9F0-8E43570F0C60}.Release|Any CPU.Build.0 = Release|Any CPU
		{E1FB1B79-D7EB-4AD1-A629-1F40891CED1C}.Debug|Any CPU.ActiveCfg = Debug|Any CPU
		{E1FB1B79-D7EB-4AD1-A629-1F40891CED1C}.Debug|Any CPU.Build.0 = Debug|Any CPU
		{E1FB1B79-D7EB-4AD1-A629-1F40891CED1C}.Release|Any CPU.ActiveCfg = Release|Any CPU
		{E1FB1B79-D7EB-4AD1-A629-1F40891CED1C}.Release|Any CPU.Build.0 = Release|Any CPU
		{A67A67E6-9FC9-4D63-9C09-0AF3D849E5FE}.Debug|Any CPU.ActiveCfg = Debug|Any CPU
		{A67A67E6-9FC9-4D63-9C09-0AF3D849E5FE}.Debug|Any CPU.Build.0 = Debug|Any CPU
		{A67A67E6-9FC9-4D63-9C09-0AF3D849E5FE}.Release|Any CPU.ActiveCfg = Release|Any CPU
		{A67A67E6-9FC9-4D63-9C09-0AF3D849E5FE}.Release|Any CPU.Build.0 = Release|Any CPU
		{6251023C-05A8-4707-87BB-4FE49C0D4EAA}.Debug|Any CPU.ActiveCfg = Debug|Any CPU
		{6251023C-05A8-4707-87BB-4FE49C0D4EAA}.Debug|Any CPU.Build.0 = Debug|Any CPU
		{6251023C-05A8-4707-87BB-4FE49C0D4EAA}.Release|Any CPU.ActiveCfg = Release|Any CPU
		{6251023C-05A8-4707-87BB-4FE49C0D4EAA}.Release|Any CPU.Build.0 = Release|Any CPU
	EndGlobalSection
	GlobalSection(SolutionProperties) = preSolution
		HideSolutionNode = FALSE
	EndGlobalSection
	GlobalSection(NestedProjects) = preSolution
		{37368448-7AAB-4138-ADE4-9C7F5A113BE7} = {8E726CEF-47DE-4924-AD49-04177CC8965E}
		{04269CFF-FE0A-4BFF-9CE8-B8D83A2684EA} = {8E726CEF-47DE-4924-AD49-04177CC8965E}
		{2596BBCF-5D9E-4DBC-9250-A442B39935B6} = {8E726CEF-47DE-4924-AD49-04177CC8965E}
		{F628C208-DA0C-4F51-AFCB-8D220FE2AACD} = {8E726CEF-47DE-4924-AD49-04177CC8965E}
		{47B131DF-83F2-497C-9A78-71B9EBA46F5E} = {8E726CEF-47DE-4924-AD49-04177CC8965E}
		{1BF24C59-AB66-4801-9312-F5088A002697} = {8E726CEF-47DE-4924-AD49-04177CC8965E}
		{4F599420-FE52-46FA-B9F0-8E43570F0C60} = {8E726CEF-47DE-4924-AD49-04177CC8965E}
		{E1FB1B79-D7EB-4AD1-A629-1F40891CED1C} = {8E726CEF-47DE-4924-AD49-04177CC8965E}
		{A67A67E6-9FC9-4D63-9C09-0AF3D849E5FE} = {8E726CEF-47DE-4924-AD49-04177CC8965E}
		{6251023C-05A8-4707-87BB-4FE49C0D4EAA} = {8E726CEF-47DE-4924-AD49-04177CC8965E}
	EndGlobalSection
	GlobalSection(ExtensibilityGlobals) = postSolution
		SolutionGuid = {50A3AF4E-B35D-44A1-B44F-6043CC8BE53B}
	EndGlobalSection
EndGlobal
